// !$*UTF8*$!
{
	archiveVersion = 1;
	classes = {
	};
	objectVersion = 56;
	objects = {

/* Begin PBXBuildFile section */
		4636C4622922D84D00EC48C4 /* GoogleService-Info.plist in Resources */ = {isa = PBXBuildFile; fileRef = 4636C4612922D84D00EC48C4 /* GoogleService-Info.plist */; };
		4636C4652922E34D00EC48C4 /* DatabaseManager.swift in Sources */ = {isa = PBXBuildFile; fileRef = 4636C4642922E34D00EC48C4 /* DatabaseManager.swift */; };
		4636C4672922E4C400EC48C4 /* AuthManager.swift in Sources */ = {isa = PBXBuildFile; fileRef = 4636C4662922E4C400EC48C4 /* AuthManager.swift */; };
		4636C4692922E51000EC48C4 /* StorageManager.swift in Sources */ = {isa = PBXBuildFile; fileRef = 4636C4682922E51000EC48C4 /* StorageManager.swift */; };
		464CFBD12922C4A800361B6A /* LoginViewController.swift in Sources */ = {isa = PBXBuildFile; fileRef = 464CFBD02922C4A800361B6A /* LoginViewController.swift */; };
		464CFBD32922C4B800361B6A /* RegisterViewController.swift in Sources */ = {isa = PBXBuildFile; fileRef = 464CFBD22922C4B800361B6A /* RegisterViewController.swift */; };
		464CFBD52922C56C00361B6A /* PostViewController.swift in Sources */ = {isa = PBXBuildFile; fileRef = 464CFBD42922C56C00361B6A /* PostViewController.swift */; };
		464CFBD72922C5B100361B6A /* EditProfileViewController.swift in Sources */ = {isa = PBXBuildFile; fileRef = 464CFBD62922C5B100361B6A /* EditProfileViewController.swift */; };
		464CFBD92922C5CA00361B6A /* SettingsViewController.swift in Sources */ = {isa = PBXBuildFile; fileRef = 464CFBD82922C5CA00361B6A /* SettingsViewController.swift */; };
		464CFBDB2922C5D800361B6A /* ListViewViewController.swift in Sources */ = {isa = PBXBuildFile; fileRef = 464CFBDA2922C5D800361B6A /* ListViewViewController.swift */; };
		464CFBDD2922C5EA00361B6A /* SearchViewController.swift in Sources */ = {isa = PBXBuildFile; fileRef = 464CFBDC2922C5EA00361B6A /* SearchViewController.swift */; };
		464CFBDF2922C60000361B6A /* SearchResultViewController.swift in Sources */ = {isa = PBXBuildFile; fileRef = 464CFBDE2922C60000361B6A /* SearchResultViewController.swift */; };
		464CFBE12922C63E00361B6A /* PublishPostViewController.swift in Sources */ = {isa = PBXBuildFile; fileRef = 464CFBE02922C63E00361B6A /* PublishPostViewController.swift */; };
		464CFBE32922C66700361B6A /* PostEditorViewController.swift in Sources */ = {isa = PBXBuildFile; fileRef = 464CFBE22922C66700361B6A /* PostEditorViewController.swift */; };
		4685F72B291AD5BC00805CBF /* AppDelegate.swift in Sources */ = {isa = PBXBuildFile; fileRef = 4685F72A291AD5BC00805CBF /* AppDelegate.swift */; };
		4685F72D291AD5BC00805CBF /* SceneDelegate.swift in Sources */ = {isa = PBXBuildFile; fileRef = 4685F72C291AD5BC00805CBF /* SceneDelegate.swift */; };
		4685F72F291AD5BC00805CBF /* HomeViewController.swift in Sources */ = {isa = PBXBuildFile; fileRef = 4685F72E291AD5BC00805CBF /* HomeViewController.swift */; };
		4685F732291AD5BC00805CBF /* Main.storyboard in Resources */ = {isa = PBXBuildFile; fileRef = 4685F730291AD5BC00805CBF /* Main.storyboard */; };
		4685F735291AD5BC00805CBF /* InstagramApp.xcdatamodeld in Sources */ = {isa = PBXBuildFile; fileRef = 4685F733291AD5BC00805CBF /* InstagramApp.xcdatamodeld */; };
		4685F737291AD5BF00805CBF /* Assets.xcassets in Resources */ = {isa = PBXBuildFile; fileRef = 4685F736291AD5BF00805CBF /* Assets.xcassets */; };
		4685F73A291AD5BF00805CBF /* LaunchScreen.storyboard in Resources */ = {isa = PBXBuildFile; fileRef = 4685F738291AD5BF00805CBF /* LaunchScreen.storyboard */; };
		4685F747291AF48000805CBF /* ExploreViewController.swift in Sources */ = {isa = PBXBuildFile; fileRef = 4685F746291AF48000805CBF /* ExploreViewController.swift */; };
		4685F749291AF49500805CBF /* CameraViewController.swift in Sources */ = {isa = PBXBuildFile; fileRef = 4685F748291AF49500805CBF /* CameraViewController.swift */; };
		4685F74B291AF4BB00805CBF /* NotificationsViewController.swift in Sources */ = {isa = PBXBuildFile; fileRef = 4685F74A291AF4BB00805CBF /* NotificationsViewController.swift */; };
		4685F74D291AF4CD00805CBF /* ProfileViewController.swift in Sources */ = {isa = PBXBuildFile; fileRef = 4685F74C291AF4CD00805CBF /* ProfileViewController.swift */; };
		8CE2C1372A6F58BDD368F5C7 /* Pods_InstagramApp.framework in Frameworks */ = {isa = PBXBuildFile; fileRef = 0E867A8081C77DB63851B0E7 /* Pods_InstagramApp.framework */; };
/* End PBXBuildFile section */

/* Begin PBXFileReference section */
		0E867A8081C77DB63851B0E7 /* Pods_InstagramApp.framework */ = {isa = PBXFileReference; explicitFileType = wrapper.framework; includeInIndex = 0; path = Pods_InstagramApp.framework; sourceTree = BUILT_PRODUCTS_DIR; };
		4636C4612922D84D00EC48C4 /* GoogleService-Info.plist */ = {isa = PBXFileReference; fileEncoding = 4; lastKnownFileType = text.plist.xml; path = "GoogleService-Info.plist"; sourceTree = "<group>"; };
		4636C4642922E34D00EC48C4 /* DatabaseManager.swift */ = {isa = PBXFileReference; lastKnownFileType = sourcecode.swift; path = DatabaseManager.swift; sourceTree = "<group>"; };
		4636C4662922E4C400EC48C4 /* AuthManager.swift */ = {isa = PBXFileReference; lastKnownFileType = sourcecode.swift; path = AuthManager.swift; sourceTree = "<group>"; };
		4636C4682922E51000EC48C4 /* StorageManager.swift */ = {isa = PBXFileReference; lastKnownFileType = sourcecode.swift; path = StorageManager.swift; sourceTree = "<group>"; };
		464CFBD02922C4A800361B6A /* LoginViewController.swift */ = {isa = PBXFileReference; lastKnownFileType = sourcecode.swift; path = LoginViewController.swift; sourceTree = "<group>"; };
		464CFBD22922C4B800361B6A /* RegisterViewController.swift */ = {isa = PBXFileReference; lastKnownFileType = sourcecode.swift; path = RegisterViewController.swift; sourceTree = "<group>"; };
		464CFBD42922C56C00361B6A /* PostViewController.swift */ = {isa = PBXFileReference; lastKnownFileType = sourcecode.swift; path = PostViewController.swift; sourceTree = "<group>"; };
		464CFBD62922C5B100361B6A /* EditProfileViewController.swift */ = {isa = PBXFileReference; lastKnownFileType = sourcecode.swift; path = EditProfileViewController.swift; sourceTree = "<group>"; };
		464CFBD82922C5CA00361B6A /* SettingsViewController.swift */ = {isa = PBXFileReference; lastKnownFileType = sourcecode.swift; path = SettingsViewController.swift; sourceTree = "<group>"; };
		464CFBDA2922C5D800361B6A /* ListViewViewController.swift */ = {isa = PBXFileReference; lastKnownFileType = sourcecode.swift; path = ListViewViewController.swift; sourceTree = "<group>"; };
		464CFBDC2922C5EA00361B6A /* SearchViewController.swift */ = {isa = PBXFileReference; lastKnownFileType = sourcecode.swift; path = SearchViewController.swift; sourceTree = "<group>"; };
		464CFBDE2922C60000361B6A /* SearchResultViewController.swift */ = {isa = PBXFileReference; lastKnownFileType = sourcecode.swift; path = SearchResultViewController.swift; sourceTree = "<group>"; };
		464CFBE02922C63E00361B6A /* PublishPostViewController.swift */ = {isa = PBXFileReference; lastKnownFileType = sourcecode.swift; path = PublishPostViewController.swift; sourceTree = "<group>"; };
		464CFBE22922C66700361B6A /* PostEditorViewController.swift */ = {isa = PBXFileReference; lastKnownFileType = sourcecode.swift; path = PostEditorViewController.swift; sourceTree = "<group>"; };
		4685F727291AD5BC00805CBF /* InstagramApp.app */ = {isa = PBXFileReference; explicitFileType = wrapper.application; includeInIndex = 0; path = InstagramApp.app; sourceTree = BUILT_PRODUCTS_DIR; };
		4685F72A291AD5BC00805CBF /* AppDelegate.swift */ = {isa = PBXFileReference; lastKnownFileType = sourcecode.swift; path = AppDelegate.swift; sourceTree = "<group>"; };
		4685F72C291AD5BC00805CBF /* SceneDelegate.swift */ = {isa = PBXFileReference; lastKnownFileType = sourcecode.swift; path = SceneDelegate.swift; sourceTree = "<group>"; };
		4685F72E291AD5BC00805CBF /* HomeViewController.swift */ = {isa = PBXFileReference; lastKnownFileType = sourcecode.swift; path = HomeViewController.swift; sourceTree = "<group>"; };
		4685F731291AD5BC00805CBF /* Base */ = {isa = PBXFileReference; lastKnownFileType = file.storyboard; name = Base; path = Base.lproj/Main.storyboard; sourceTree = "<group>"; };
		4685F734291AD5BC00805CBF /* InstagramApp.xcdatamodel */ = {isa = PBXFileReference; lastKnownFileType = wrapper.xcdatamodel; path = InstagramApp.xcdatamodel; sourceTree = "<group>"; };
		4685F736291AD5BF00805CBF /* Assets.xcassets */ = {isa = PBXFileReference; lastKnownFileType = folder.assetcatalog; path = Assets.xcassets; sourceTree = "<group>"; };
		4685F739291AD5BF00805CBF /* Base */ = {isa = PBXFileReference; lastKnownFileType = file.storyboard; name = Base; path = Base.lproj/LaunchScreen.storyboard; sourceTree = "<group>"; };
		4685F73B291AD5BF00805CBF /* Info.plist */ = {isa = PBXFileReference; lastKnownFileType = text.plist.xml; path = Info.plist; sourceTree = "<group>"; };
		4685F746291AF48000805CBF /* ExploreViewController.swift */ = {isa = PBXFileReference; lastKnownFileType = sourcecode.swift; path = ExploreViewController.swift; sourceTree = "<group>"; };
		4685F748291AF49500805CBF /* CameraViewController.swift */ = {isa = PBXFileReference; lastKnownFileType = sourcecode.swift; path = CameraViewController.swift; sourceTree = "<group>"; };
		4685F74A291AF4BB00805CBF /* NotificationsViewController.swift */ = {isa = PBXFileReference; lastKnownFileType = sourcecode.swift; path = NotificationsViewController.swift; sourceTree = "<group>"; };
		4685F74C291AF4CD00805CBF /* ProfileViewController.swift */ = {isa = PBXFileReference; lastKnownFileType = sourcecode.swift; path = ProfileViewController.swift; sourceTree = "<group>"; };
		7E5FBB9D8A30EDC391E868FE /* Pods-InstagramApp.release.xcconfig */ = {isa = PBXFileReference; includeInIndex = 1; lastKnownFileType = text.xcconfig; name = "Pods-InstagramApp.release.xcconfig"; path = "Target Support Files/Pods-InstagramApp/Pods-InstagramApp.release.xcconfig"; sourceTree = "<group>"; };
		CFF03A79C30D05DD31801419 /* Pods-InstagramApp.debug.xcconfig */ = {isa = PBXFileReference; includeInIndex = 1; lastKnownFileType = text.xcconfig; name = "Pods-InstagramApp.debug.xcconfig"; path = "Target Support Files/Pods-InstagramApp/Pods-InstagramApp.debug.xcconfig"; sourceTree = "<group>"; };
/* End PBXFileReference section */

/* Begin PBXFrameworksBuildPhase section */
		4685F724291AD5BC00805CBF /* Frameworks */ = {
			isa = PBXFrameworksBuildPhase;
			buildActionMask = 2147483647;
			files = (
				8CE2C1372A6F58BDD368F5C7 /* Pods_InstagramApp.framework in Frameworks */,
			);
			runOnlyForDeploymentPostprocessing = 0;
		};
/* End PBXFrameworksBuildPhase section */

/* Begin PBXGroup section */
		20D054F2D9981ACC49C1A7CB /* Pods */ = {
			isa = PBXGroup;
			children = (
				CFF03A79C30D05DD31801419 /* Pods-InstagramApp.debug.xcconfig */,
				7E5FBB9D8A30EDC391E868FE /* Pods-InstagramApp.release.xcconfig */,
			);
			path = Pods;
			sourceTree = "<group>";
		};
		4636C4632922E28600EC48C4 /* General */ = {
			isa = PBXGroup;
			children = (
				464CFBD42922C56C00361B6A /* PostViewController.swift */,
				464CFBD62922C5B100361B6A /* EditProfileViewController.swift */,
				464CFBD82922C5CA00361B6A /* SettingsViewController.swift */,
				464CFBDA2922C5D800361B6A /* ListViewViewController.swift */,
				464CFBDC2922C5EA00361B6A /* SearchViewController.swift */,
				464CFBE22922C66700361B6A /* PostEditorViewController.swift */,
				464CFBDE2922C60000361B6A /* SearchResultViewController.swift */,
				464CFBE02922C63E00361B6A /* PublishPostViewController.swift */,
			);
			path = General;
			sourceTree = "<group>";
		};
		464CFBCD2922C43800361B6A /* Core Tabs */ = {
			isa = PBXGroup;
			children = (
				4685F72E291AD5BC00805CBF /* HomeViewController.swift */,
				4685F746291AF48000805CBF /* ExploreViewController.swift */,
				4685F748291AF49500805CBF /* CameraViewController.swift */,
				4685F74A291AF4BB00805CBF /* NotificationsViewController.swift */,
				4685F74C291AF4CD00805CBF /* ProfileViewController.swift */,
			);
			path = "Core Tabs";
			sourceTree = "<group>";
		};
		464CFBCE2922C46800361B6A /* Other */ = {
			isa = PBXGroup;
			children = (
				464CFBCF2922C46E00361B6A /* Onboarding */,
				4636C4632922E28600EC48C4 /* General */,
			);
			path = Other;
			sourceTree = "<group>";
		};
		464CFBCF2922C46E00361B6A /* Onboarding */ = {
			isa = PBXGroup;
			children = (
				464CFBD02922C4A800361B6A /* LoginViewController.swift */,
				464CFBD22922C4B800361B6A /* RegisterViewController.swift */,
			);
			path = Onboarding;
			sourceTree = "<group>";
		};
		4685F71E291AD5BC00805CBF = {
			isa = PBXGroup;
			children = (
				4685F729291AD5BC00805CBF /* InstagramApp */,
				4685F728291AD5BC00805CBF /* Products */,
				20D054F2D9981ACC49C1A7CB /* Pods */,
				56AB9F41CAB04CC079BCD30B /* Frameworks */,
			);
			sourceTree = "<group>";
		};
		4685F728291AD5BC00805CBF /* Products */ = {
			isa = PBXGroup;
			children = (
				4685F727291AD5BC00805CBF /* InstagramApp.app */,
			);
			name = Products;
			sourceTree = "<group>";
		};
		4685F729291AD5BC00805CBF /* InstagramApp */ = {
			isa = PBXGroup;
			children = (
				4685F743291AF32B00805CBF /* Resources */,
				4685F744291AF33600805CBF /* Views */,
				4685F741291AF31D00805CBF /* Models */,
				4685F742291AF32400805CBF /* Controllers */,
				4685F745291AF38A00805CBF /* Storyboards */,
				4685F73B291AD5BF00805CBF /* Info.plist */,
				4685F733291AD5BC00805CBF /* InstagramApp.xcdatamodeld */,
			);
			path = InstagramApp;
			sourceTree = "<group>";
		};
		4685F741291AF31D00805CBF /* Models */ = {
			isa = PBXGroup;
			children = (
			);
			path = Models;
			sourceTree = "<group>";
		};
		4685F742291AF32400805CBF /* Controllers */ = {
			isa = PBXGroup;
			children = (
				464CFBCE2922C46800361B6A /* Other */,
				464CFBCD2922C43800361B6A /* Core Tabs */,
			);
			path = Controllers;
			sourceTree = "<group>";
		};
		4685F743291AF32B00805CBF /* Resources */ = {
			isa = PBXGroup;
			children = (
				4636C4612922D84D00EC48C4 /* GoogleService-Info.plist */,
				4685F72A291AD5BC00805CBF /* AppDelegate.swift */,
				4685F72C291AD5BC00805CBF /* SceneDelegate.swift */,
				4636C4642922E34D00EC48C4 /* DatabaseManager.swift */,
				4636C4662922E4C400EC48C4 /* AuthManager.swift */,
				4636C4682922E51000EC48C4 /* StorageManager.swift */,
			);
			path = Resources;
			sourceTree = "<group>";
		};
		4685F744291AF33600805CBF /* Views */ = {
			isa = PBXGroup;
			children = (
				4685F736291AD5BF00805CBF /* Assets.xcassets */,
			);
			path = Views;
			sourceTree = "<group>";
		};
		4685F745291AF38A00805CBF /* Storyboards */ = {
			isa = PBXGroup;
			children = (
				4685F730291AD5BC00805CBF /* Main.storyboard */,
				4685F738291AD5BF00805CBF /* LaunchScreen.storyboard */,
			);
			path = Storyboards;
			sourceTree = "<group>";
		};
		56AB9F41CAB04CC079BCD30B /* Frameworks */ = {
			isa = PBXGroup;
			children = (
				0E867A8081C77DB63851B0E7 /* Pods_InstagramApp.framework */,
			);
			name = Frameworks;
			sourceTree = "<group>";
		};
/* End PBXGroup section */

/* Begin PBXNativeTarget section */
		4685F726291AD5BC00805CBF /* InstagramApp */ = {
			isa = PBXNativeTarget;
			buildConfigurationList = 4685F73E291AD5BF00805CBF /* Build configuration list for PBXNativeTarget "InstagramApp" */;
			buildPhases = (
				7C93E6A06865985037896CF1 /* [CP] Check Pods Manifest.lock */,
				4685F723291AD5BC00805CBF /* Sources */,
				4685F724291AD5BC00805CBF /* Frameworks */,
				4685F725291AD5BC00805CBF /* Resources */,
				717C6E595E7BB9AABF4EBD3A /* [CP] Embed Pods Frameworks */,
			);
			buildRules = (
			);
			dependencies = (
			);
			name = InstagramApp;
			productName = InstagramApp;
			productReference = 4685F727291AD5BC00805CBF /* InstagramApp.app */;
			productType = "com.apple.product-type.application";
		};
/* End PBXNativeTarget section */

/* Begin PBXProject section */
		4685F71F291AD5BC00805CBF /* Project object */ = {
			isa = PBXProject;
			attributes = {
				BuildIndependentTargetsInParallel = 1;
				LastSwiftUpdateCheck = 1400;
				LastUpgradeCheck = 1400;
				TargetAttributes = {
					4685F726291AD5BC00805CBF = {
						CreatedOnToolsVersion = 14.0.1;
					};
				};
			};
			buildConfigurationList = 4685F722291AD5BC00805CBF /* Build configuration list for PBXProject "InstagramApp" */;
			compatibilityVersion = "Xcode 14.0";
			developmentRegion = en;
			hasScannedForEncodings = 0;
			knownRegions = (
				en,
				Base,
			);
			mainGroup = 4685F71E291AD5BC00805CBF;
			productRefGroup = 4685F728291AD5BC00805CBF /* Products */;
			projectDirPath = "";
			projectRoot = "";
			targets = (
				4685F726291AD5BC00805CBF /* InstagramApp */,
			);
		};
/* End PBXProject section */

/* Begin PBXResourcesBuildPhase section */
		4685F725291AD5BC00805CBF /* Resources */ = {
			isa = PBXResourcesBuildPhase;
			buildActionMask = 2147483647;
			files = (
				4685F73A291AD5BF00805CBF /* LaunchScreen.storyboard in Resources */,
				4636C4622922D84D00EC48C4 /* GoogleService-Info.plist in Resources */,
				4685F737291AD5BF00805CBF /* Assets.xcassets in Resources */,
				4685F732291AD5BC00805CBF /* Main.storyboard in Resources */,
			);
			runOnlyForDeploymentPostprocessing = 0;
		};
/* End PBXResourcesBuildPhase section */

/* Begin PBXShellScriptBuildPhase section */
		717C6E595E7BB9AABF4EBD3A /* [CP] Embed Pods Frameworks */ = {
			isa = PBXShellScriptBuildPhase;
			buildActionMask = 2147483647;
			files = (
			);
			inputFileListPaths = (
				"${PODS_ROOT}/Target Support Files/Pods-InstagramApp/Pods-InstagramApp-frameworks-${CONFIGURATION}-input-files.xcfilelist",
			);
			name = "[CP] Embed Pods Frameworks";
			outputFileListPaths = (
				"${PODS_ROOT}/Target Support Files/Pods-InstagramApp/Pods-InstagramApp-frameworks-${CONFIGURATION}-output-files.xcfilelist",
			);
			runOnlyForDeploymentPostprocessing = 0;
			shellPath = /bin/sh;
			shellScript = "\"${PODS_ROOT}/Target Support Files/Pods-InstagramApp/Pods-InstagramApp-frameworks.sh\"\n";
			showEnvVarsInLog = 0;
		};
		7C93E6A06865985037896CF1 /* [CP] Check Pods Manifest.lock */ = {
			isa = PBXShellScriptBuildPhase;
			buildActionMask = 2147483647;
			files = (
			);
			inputFileListPaths = (
			);
			inputPaths = (
				"${PODS_PODFILE_DIR_PATH}/Podfile.lock",
				"${PODS_ROOT}/Manifest.lock",
			);
			name = "[CP] Check Pods Manifest.lock";
			outputFileListPaths = (
			);
			outputPaths = (
				"$(DERIVED_FILE_DIR)/Pods-InstagramApp-checkManifestLockResult.txt",
			);
			runOnlyForDeploymentPostprocessing = 0;
			shellPath = /bin/sh;
			shellScript = "diff \"${PODS_PODFILE_DIR_PATH}/Podfile.lock\" \"${PODS_ROOT}/Manifest.lock\" > /dev/null\nif [ $? != 0 ] ; then\n    # print error to STDERR\n    echo \"error: The sandbox is not in sync with the Podfile.lock. Run 'pod install' or update your CocoaPods installation.\" >&2\n    exit 1\nfi\n# This output is used by Xcode 'outputs' to avoid re-running this script phase.\necho \"SUCCESS\" > \"${SCRIPT_OUTPUT_FILE_0}\"\n";
			showEnvVarsInLog = 0;
		};
/* End PBXShellScriptBuildPhase section */

/* Begin PBXSourcesBuildPhase section */
		4685F723291AD5BC00805CBF /* Sources */ = {
			isa = PBXSourcesBuildPhase;
			buildActionMask = 2147483647;
			files = (
				464CFBDD2922C5EA00361B6A /* SearchViewController.swift in Sources */,
				464CFBD12922C4A800361B6A /* LoginViewController.swift in Sources */,
				464CFBE12922C63E00361B6A /* PublishPostViewController.swift in Sources */,
				4636C4692922E51000EC48C4 /* StorageManager.swift in Sources */,
				464CFBD32922C4B800361B6A /* RegisterViewController.swift in Sources */,
				4685F735291AD5BC00805CBF /* InstagramApp.xcdatamodeld in Sources */,
				464CFBDB2922C5D800361B6A /* ListViewViewController.swift in Sources */,
				4685F72F291AD5BC00805CBF /* HomeViewController.swift in Sources */,
				4685F747291AF48000805CBF /* ExploreViewController.swift in Sources */,
				4685F72B291AD5BC00805CBF /* AppDelegate.swift in Sources */,
				4636C4672922E4C400EC48C4 /* AuthManager.swift in Sources */,
				4685F72D291AD5BC00805CBF /* SceneDelegate.swift in Sources */,
				4685F74B291AF4BB00805CBF /* NotificationsViewController.swift in Sources */,
				464CFBE32922C66700361B6A /* PostEditorViewController.swift in Sources */,
				464CFBD72922C5B100361B6A /* EditProfileViewController.swift in Sources */,
				4685F74D291AF4CD00805CBF /* ProfileViewController.swift in Sources */,
				4636C4652922E34D00EC48C4 /* DatabaseManager.swift in Sources */,
				464CFBD92922C5CA00361B6A /* SettingsViewController.swift in Sources */,
				4685F749291AF49500805CBF /* CameraViewController.swift in Sources */,
				464CFBDF2922C60000361B6A /* SearchResultViewController.swift in Sources */,
				464CFBD52922C56C00361B6A /* PostViewController.swift in Sources */,
			);
			runOnlyForDeploymentPostprocessing = 0;
		};
/* End PBXSourcesBuildPhase section */

/* Begin PBXVariantGroup section */
		4685F730291AD5BC00805CBF /* Main.storyboard */ = {
			isa = PBXVariantGroup;
			children = (
				4685F731291AD5BC00805CBF /* Base */,
			);
			name = Main.storyboard;
			sourceTree = "<group>";
		};
		4685F738291AD5BF00805CBF /* LaunchScreen.storyboard */ = {
			isa = PBXVariantGroup;
			children = (
				4685F739291AD5BF00805CBF /* Base */,
			);
			name = LaunchScreen.storyboard;
			sourceTree = "<group>";
		};
/* End PBXVariantGroup section */

/* Begin XCBuildConfiguration section */
		4685F73C291AD5BF00805CBF /* Debug */ = {
			isa = XCBuildConfiguration;
			buildSettings = {
				ALWAYS_SEARCH_USER_PATHS = NO;
				CLANG_ANALYZER_NONNULL = YES;
				CLANG_ANALYZER_NUMBER_OBJECT_CONVERSION = YES_AGGRESSIVE;
				CLANG_CXX_LANGUAGE_STANDARD = "gnu++20";
				CLANG_ENABLE_MODULES = YES;
				CLANG_ENABLE_OBJC_ARC = YES;
				CLANG_ENABLE_OBJC_WEAK = YES;
				CLANG_WARN_BLOCK_CAPTURE_AUTORELEASING = YES;
				CLANG_WARN_BOOL_CONVERSION = YES;
				CLANG_WARN_COMMA = YES;
				CLANG_WARN_CONSTANT_CONVERSION = YES;
				CLANG_WARN_DEPRECATED_OBJC_IMPLEMENTATIONS = YES;
				CLANG_WARN_DIRECT_OBJC_ISA_USAGE = YES_ERROR;
				CLANG_WARN_DOCUMENTATION_COMMENTS = YES;
				CLANG_WARN_EMPTY_BODY = YES;
				CLANG_WARN_ENUM_CONVERSION = YES;
				CLANG_WARN_INFINITE_RECURSION = YES;
				CLANG_WARN_INT_CONVERSION = YES;
				CLANG_WARN_NON_LITERAL_NULL_CONVERSION = YES;
				CLANG_WARN_OBJC_IMPLICIT_RETAIN_SELF = YES;
				CLANG_WARN_OBJC_LITERAL_CONVERSION = YES;
				CLANG_WARN_OBJC_ROOT_CLASS = YES_ERROR;
				CLANG_WARN_QUOTED_INCLUDE_IN_FRAMEWORK_HEADER = YES;
				CLANG_WARN_RANGE_LOOP_ANALYSIS = YES;
				CLANG_WARN_STRICT_PROTOTYPES = YES;
				CLANG_WARN_SUSPICIOUS_MOVE = YES;
				CLANG_WARN_UNGUARDED_AVAILABILITY = YES_AGGRESSIVE;
				CLANG_WARN_UNREACHABLE_CODE = YES;
				CLANG_WARN__DUPLICATE_METHOD_MATCH = YES;
				COPY_PHASE_STRIP = NO;
				DEBUG_INFORMATION_FORMAT = dwarf;
				ENABLE_STRICT_OBJC_MSGSEND = YES;
				ENABLE_TESTABILITY = YES;
				GCC_C_LANGUAGE_STANDARD = gnu11;
				GCC_DYNAMIC_NO_PIC = NO;
				GCC_NO_COMMON_BLOCKS = YES;
				GCC_OPTIMIZATION_LEVEL = 0;
				GCC_PREPROCESSOR_DEFINITIONS = (
					"DEBUG=1",
					"$(inherited)",
				);
				GCC_WARN_64_TO_32_BIT_CONVERSION = YES;
				GCC_WARN_ABOUT_RETURN_TYPE = YES_ERROR;
				GCC_WARN_UNDECLARED_SELECTOR = YES;
				GCC_WARN_UNINITIALIZED_AUTOS = YES_AGGRESSIVE;
				GCC_WARN_UNUSED_FUNCTION = YES;
				GCC_WARN_UNUSED_VARIABLE = YES;
				IPHONEOS_DEPLOYMENT_TARGET = 16.0;
				MTL_ENABLE_DEBUG_INFO = INCLUDE_SOURCE;
				MTL_FAST_MATH = YES;
				ONLY_ACTIVE_ARCH = YES;
				SDKROOT = iphoneos;
				SWIFT_ACTIVE_COMPILATION_CONDITIONS = DEBUG;
				SWIFT_OPTIMIZATION_LEVEL = "-Onone";
			};
			name = Debug;
		};
		4685F73D291AD5BF00805CBF /* Release */ = {
			isa = XCBuildConfiguration;
			buildSettings = {
				ALWAYS_SEARCH_USER_PATHS = NO;
				CLANG_ANALYZER_NONNULL = YES;
				CLANG_ANALYZER_NUMBER_OBJECT_CONVERSION = YES_AGGRESSIVE;
				CLANG_CXX_LANGUAGE_STANDARD = "gnu++20";
				CLANG_ENABLE_MODULES = YES;
				CLANG_ENABLE_OBJC_ARC = YES;
				CLANG_ENABLE_OBJC_WEAK = YES;
				CLANG_WARN_BLOCK_CAPTURE_AUTORELEASING = YES;
				CLANG_WARN_BOOL_CONVERSION = YES;
				CLANG_WARN_COMMA = YES;
				CLANG_WARN_CONSTANT_CONVERSION = YES;
				CLANG_WARN_DEPRECATED_OBJC_IMPLEMENTATIONS = YES;
				CLANG_WARN_DIRECT_OBJC_ISA_USAGE = YES_ERROR;
				CLANG_WARN_DOCUMENTATION_COMMENTS = YES;
				CLANG_WARN_EMPTY_BODY = YES;
				CLANG_WARN_ENUM_CONVERSION = YES;
				CLANG_WARN_INFINITE_RECURSION = YES;
				CLANG_WARN_INT_CONVERSION = YES;
				CLANG_WARN_NON_LITERAL_NULL_CONVERSION = YES;
				CLANG_WARN_OBJC_IMPLICIT_RETAIN_SELF = YES;
				CLANG_WARN_OBJC_LITERAL_CONVERSION = YES;
				CLANG_WARN_OBJC_ROOT_CLASS = YES_ERROR;
				CLANG_WARN_QUOTED_INCLUDE_IN_FRAMEWORK_HEADER = YES;
				CLANG_WARN_RANGE_LOOP_ANALYSIS = YES;
				CLANG_WARN_STRICT_PROTOTYPES = YES;
				CLANG_WARN_SUSPICIOUS_MOVE = YES;
				CLANG_WARN_UNGUARDED_AVAILABILITY = YES_AGGRESSIVE;
				CLANG_WARN_UNREACHABLE_CODE = YES;
				CLANG_WARN__DUPLICATE_METHOD_MATCH = YES;
				COPY_PHASE_STRIP = NO;
				DEBUG_INFORMATION_FORMAT = "dwarf-with-dsym";
				ENABLE_NS_ASSERTIONS = NO;
				ENABLE_STRICT_OBJC_MSGSEND = YES;
				GCC_C_LANGUAGE_STANDARD = gnu11;
				GCC_NO_COMMON_BLOCKS = YES;
				GCC_WARN_64_TO_32_BIT_CONVERSION = YES;
				GCC_WARN_ABOUT_RETURN_TYPE = YES_ERROR;
				GCC_WARN_UNDECLARED_SELECTOR = YES;
				GCC_WARN_UNINITIALIZED_AUTOS = YES_AGGRESSIVE;
				GCC_WARN_UNUSED_FUNCTION = YES;
				GCC_WARN_UNUSED_VARIABLE = YES;
				IPHONEOS_DEPLOYMENT_TARGET = 16.0;
				MTL_ENABLE_DEBUG_INFO = NO;
				MTL_FAST_MATH = YES;
				SDKROOT = iphoneos;
				SWIFT_COMPILATION_MODE = wholemodule;
				SWIFT_OPTIMIZATION_LEVEL = "-O";
				VALIDATE_PRODUCT = YES;
			};
			name = Release;
		};
		4685F73F291AD5BF00805CBF /* Debug */ = {
			isa = XCBuildConfiguration;
			baseConfigurationReference = CFF03A79C30D05DD31801419 /* Pods-InstagramApp.debug.xcconfig */;
			buildSettings = {
				ASSETCATALOG_COMPILER_APPICON_NAME = AppIcon;
				ASSETCATALOG_COMPILER_GLOBAL_ACCENT_COLOR_NAME = AccentColor;
				CODE_SIGN_STYLE = Automatic;
				CURRENT_PROJECT_VERSION = 1;
				DEVELOPMENT_TEAM = L8GP8D8QVX;
				GENERATE_INFOPLIST_FILE = YES;
				INFOPLIST_FILE = InstagramApp/Info.plist;
				INFOPLIST_KEY_UIApplicationSupportsIndirectInputEvents = YES;
				INFOPLIST_KEY_UILaunchStoryboardName = LaunchScreen;
				INFOPLIST_KEY_UIMainStoryboardFile = Main;
				INFOPLIST_KEY_UISupportedInterfaceOrientations_iPad = "UIInterfaceOrientationPortrait UIInterfaceOrientationPortraitUpsideDown UIInterfaceOrientationLandscapeLeft UIInterfaceOrientationLandscapeRight";
				INFOPLIST_KEY_UISupportedInterfaceOrientations_iPhone = "UIInterfaceOrientationPortrait UIInterfaceOrientationLandscapeLeft UIInterfaceOrientationLandscapeRight";
				LD_RUNPATH_SEARCH_PATHS = (
					"$(inherited)",
					"@executable_path/Frameworks",
				);
				MARKETING_VERSION = 1.0;
				PRODUCT_BUNDLE_IDENTIFIER = com.rustam.InstagramApp;
				PRODUCT_NAME = "$(TARGET_NAME)";
				SWIFT_EMIT_LOC_STRINGS = YES;
				SWIFT_VERSION = 5.0;
				TARGETED_DEVICE_FAMILY = "1,2";
			};
			name = Debug;
		};
		4685F740291AD5BF00805CBF /* Release */ = {
			isa = XCBuildConfiguration;
			baseConfigurationReference = 7E5FBB9D8A30EDC391E868FE /* Pods-InstagramApp.release.xcconfig */;
			buildSettings = {
				ASSETCATALOG_COMPILER_APPICON_NAME = AppIcon;
				ASSETCATALOG_COMPILER_GLOBAL_ACCENT_COLOR_NAME = AccentColor;
				CODE_SIGN_STYLE = Automatic;
				CURRENT_PROJECT_VERSION = 1;
				DEVELOPMENT_TEAM = L8GP8D8QVX;
				GENERATE_INFOPLIST_FILE = YES;
				INFOPLIST_FILE = InstagramApp/Info.plist;
				INFOPLIST_KEY_UIApplicationSupportsIndirectInputEvents = YES;
				INFOPLIST_KEY_UILaunchStoryboardName = LaunchScreen;
				INFOPLIST_KEY_UIMainStoryboardFile = Main;
				INFOPLIST_KEY_UISupportedInterfaceOrientations_iPad = "UIInterfaceOrientationPortrait UIInterfaceOrientationPortraitUpsideDown UIInterfaceOrientationLandscapeLeft UIInterfaceOrientationLandscapeRight";
				INFOPLIST_KEY_UISupportedInterfaceOrientations_iPhone = "UIInterfaceOrientationPortrait UIInterfaceOrientationLandscapeLeft UIInterfaceOrientationLandscapeRight";
				LD_RUNPATH_SEARCH_PATHS = (
					"$(inherited)",
					"@executable_path/Frameworks",
				);
				MARKETING_VERSION = 1.0;
				PRODUCT_BUNDLE_IDENTIFIER = com.rustam.InstagramApp;
				PRODUCT_NAME = "$(TARGET_NAME)";
				SWIFT_EMIT_LOC_STRINGS = YES;
				SWIFT_VERSION = 5.0;
				TARGETED_DEVICE_FAMILY = "1,2";
			};
			name = Release;
		};
/* End XCBuildConfiguration section */

/* Begin XCConfigurationList section */
		4685F722291AD5BC00805CBF /* Build configuration list for PBXProject "InstagramApp" */ = {
			isa = XCConfigurationList;
			buildConfigurations = (
				4685F73C291AD5BF00805CBF /* Debug */,
				4685F73D291AD5BF00805CBF /* Release */,
			);
			defaultConfigurationIsVisible = 0;
			defaultConfigurationName = Release;
		};
		4685F73E291AD5BF00805CBF /* Build configuration list for PBXNativeTarget "InstagramApp" */ = {
			isa = XCConfigurationList;
			buildConfigurations = (
				4685F73F291AD5BF00805CBF /* Debug */,
				4685F740291AD5BF00805CBF /* Release */,
			);
			defaultConfigurationIsVisible = 0;
			defaultConfigurationName = Release;
		};
/* End XCConfigurationList section */

/* Begin XCVersionGroup section */
		4685F733291AD5BC00805CBF /* InstagramApp.xcdatamodeld */ = {
			isa = XCVersionGroup;
			children = (
				4685F734291AD5BC00805CBF /* InstagramApp.xcdatamodel */,
			);
			currentVersion = 4685F734291AD5BC00805CBF /* InstagramApp.xcdatamodel */;
			path = InstagramApp.xcdatamodeld;
			sourceTree = "<group>";
			versionGroupType = wrapper.xcdatamodel;
		};
/* End XCVersionGroup section */
	};
	rootObject = 4685F71F291AD5BC00805CBF /* Project object */;
}
